<?xml version="1.0" encoding="utf-8"?>
<Project ToolsVersion="4.0" xmlns="http://schemas.microsoft.com/developer/msbuild/2003">
  <ItemGroup>
    <ClCompile Include="src\ofApp.cpp">
      <Filter>src</Filter>
    </ClCompile>
    <ClCompile Include="src\main.cpp">
      <Filter>src</Filter>
    </ClCompile>
    <ClCompile Include="..\..\..\..\addons\ofxDatGui\src\ofxDatGui.cpp">
      <Filter>addons\ofxDatGui\src</Filter>
    </ClCompile>
    <ClCompile Include="..\..\..\..\addons\ofxDatGui\src\core\ofxDatGuiComponent.cpp">
      <Filter>addons\ofxDatGui\src\core</Filter>
    </ClCompile>
    <ClCompile Include="..\..\..\..\addons\ofxDatGui\src\libs\ofxSmartFont\ofxSmartFont.cpp">
      <Filter>addons\ofxDatGui\src\libs\ofxSmartFont</Filter>
    </ClCompile>
    <ClCompile Include="src\treeMapper.cpp">
      <Filter>src</Filter>
    </ClCompile>
  </ItemGroup>
  <ItemGroup>
    <Filter Include="src">
      <UniqueIdentifier>{d8376475-7454-4a24-b08a-aac121d3ad6f}</UniqueIdentifier>
    </Filter>
    <Filter Include="addons">
      <UniqueIdentifier>{c78cc43b-1538-4c95-89fe-b457cd22dd55}</UniqueIdentifier>
    </Filter>
    <Filter Include="addons\ofxDatGui">
      <UniqueIdentifier>{fe49e6aa-6c27-46c3-bffe-68fba1cc9223}</UniqueIdentifier>
    </Filter>
    <Filter Include="addons\ofxDatGui\src">
      <UniqueIdentifier>{e7d85f66-e92a-480e-bb60-681287a99803}</UniqueIdentifier>
    </Filter>
    <Filter Include="addons\ofxDatGui\src\components">
      <UniqueIdentifier>{889f681c-1c35-41a9-a8a0-0ee96d08beee}</UniqueIdentifier>
    </Filter>
    <Filter Include="addons\ofxDatGui\src\core">
      <UniqueIdentifier>{a3035e07-a98b-4049-b3de-4c8f996f52dc}</UniqueIdentifier>
    </Filter>
    <Filter Include="addons\ofxDatGui\src\libs">
      <UniqueIdentifier>{236e9631-089f-4b9e-b2f0-686662f4e79b}</UniqueIdentifier>
    </Filter>
    <Filter Include="addons\ofxDatGui\src\libs\ofxSmartFont">
      <UniqueIdentifier>{a7420dbc-7c7a-4aa3-9772-9fbaa16c0bc7}</UniqueIdentifier>
    </Filter>
    <Filter Include="addons\ofxDatGui\src\themes">
      <UniqueIdentifier>{06ce0ada-9c94-449a-a6b7-ec2a174cbf07}</UniqueIdentifier>
    </Filter>
  </ItemGroup>
  <ItemGroup>
    <ClInclude Include="src\ofApp.h">
      <Filter>src</Filter>
    </ClInclude>
    <ClInclude Include="..\..\..\..\addons\ofxDatGui\src\ofxDatGui.h">
      <Filter>addons\ofxDatGui\src</Filter>
    </ClInclude>
    <ClInclude Include="..\..\..\..\addons\ofxDatGui\src\components\ofxDatGui2dPad.h">
      <Filter>addons\ofxDatGui\src\components</Filter>
    </ClInclude>
    <ClInclude Include="..\..\..\..\addons\ofxDatGui\src\components\ofxDatGuiButton.h">
      <Filter>addons\ofxDatGui\src\components</Filter>
    </ClInclude>
    <ClInclude Include="..\..\..\..\addons\ofxDatGui\src\components\ofxDatGuiColorPicker.h">
      <Filter>addons\ofxDatGui\src\components</Filter>
    </ClInclude>
    <ClInclude Include="..\..\..\..\addons\ofxDatGui\src\components\ofxDatGuiControls.h">
      <Filter>addons\ofxDatGui\src\components</Filter>
    </ClInclude>
    <ClInclude Include="..\..\..\..\addons\ofxDatGui\src\components\ofxDatGuiFRM.h">
      <Filter>addons\ofxDatGui\src\components</Filter>
    </ClInclude>
    <ClInclude Include="..\..\..\..\addons\ofxDatGui\src\components\ofxDatGuiGroups.h">
      <Filter>addons\ofxDatGui\src\components</Filter>
    </ClInclude>
    <ClInclude Include="..\..\..\..\addons\ofxDatGui\src\components\ofxDatGuiLabel.h">
      <Filter>addons\ofxDatGui\src\components</Filter>
    </ClInclude>
    <ClInclude Include="..\..\..\..\addons\ofxDatGui\src\components\ofxDatGuiMatrix.h">
      <Filter>addons\ofxDatGui\src\components</Filter>
    </ClInclude>
    <ClInclude Include="..\..\..\..\addons\ofxDatGui\src\components\ofxDatGuiScrollView.h">
      <Filter>addons\ofxDatGui\src\components</Filter>
    </ClInclude>
    <ClInclude Include="..\..\..\..\addons\ofxDatGui\src\components\ofxDatGuiSlider.h">
      <Filter>addons\ofxDatGui\src\components</Filter>
    </ClInclude>
    <ClInclude Include="..\..\..\..\addons\ofxDatGui\src\components\ofxDatGuiTextInput.h">
      <Filter>addons\ofxDatGui\src\components</Filter>
    </ClInclude>
    <ClInclude Include="..\..\..\..\addons\ofxDatGui\src\components\ofxDatGuiTextInputField.h">
      <Filter>addons\ofxDatGui\src\components</Filter>
    </ClInclude>
    <ClInclude Include="..\..\..\..\addons\ofxDatGui\src\components\ofxDatGuiTimeGraph.h">
      <Filter>addons\ofxDatGui\src\components</Filter>
    </ClInclude>
    <ClInclude Include="..\..\..\..\addons\ofxDatGui\src\core\ofxDatGuiComponent.h">
      <Filter>addons\ofxDatGui\src\core</Filter>
    </ClInclude>
    <ClInclude Include="..\..\..\..\addons\ofxDatGui\src\core\ofxDatGuiConstants.h">
      <Filter>addons\ofxDatGui\src\core</Filter>
    </ClInclude>
    <ClInclude Include="..\..\..\..\addons\ofxDatGui\src\core\ofxDatGuiEvents.h">
      <Filter>addons\ofxDatGui\src\core</Filter>
    </ClInclude>
    <ClInclude Include="..\..\..\..\addons\ofxDatGui\src\core\ofxDatGuiIntObject.h">
      <Filter>addons\ofxDatGui\src\core</Filter>
    </ClInclude>
    <ClInclude Include="..\..\..\..\addons\ofxDatGui\src\libs\ofxSmartFont\ofxSmartFont.h">
      <Filter>addons\ofxDatGui\src\libs\ofxSmartFont</Filter>
    </ClInclude>
    <ClInclude Include="..\..\..\..\addons\ofxDatGui\src\themes\ofxDatGuiTheme.h">
      <Filter>addons\ofxDatGui\src\themes</Filter>
    </ClInclude>
    <ClInclude Include="..\..\..\..\addons\ofxDatGui\src\themes\ofxDatGuiThemes.h">
      <Filter>addons\ofxDatGui\src\themes</Filter>
    </ClInclude>
    <ClInclude Include="src\treeMapper.h">
      <Filter>src</Filter>
    </ClInclude>
  </ItemGroup>
  <ItemGroup>
    <ResourceCompile Include="icon.rc" />
  </ItemGroup>
</Project>